
Microsoft Visual Studio Solution File, Format Version 12.00
# Visual Studio Version 17
VisualStudioVersion = 17.9.34728.123
MinimumVisualStudioVersion = 10.0.40219.1
Project("{FAE04EC0-301F-11D3-BF4B-00C04F79EFBC}") = "Repo2WebApp", "Repo2WebApp\Repo2WebApp.csproj", "{1EBFAE67-C45D-4FB3-89F7-C6B42AC5E003}"
EndProject
Global
	GlobalSection(SolutionConfigurationPlatforms) = preSolution
		Debug|Any CPU = Debug|Any CPU
		Release|Any CPU = Release|Any CPU
	EndGlobalSection
	GlobalSection(ProjectConfigurationPlatforms) = postSolution
		{1EBFAE67-C45D-4FB3-89F7-C6B42AC5E003}.Debug|Any CPU.ActiveCfg = Debug|Any CPU
		{1EBFAE67-C45D-4FB3-89F7-C6B42AC5E003}.Debug|Any CPU.Build.0 = Debug|Any CPU
		{1EBFAE67-C45D-4FB3-89F7-C6B42AC5E003}.Release|Any CPU.ActiveCfg = Release|Any CPU
		{1EBFAE67-C45D-4FB3-89F7-C6B42AC5E003}.Release|Any CPU.Build.0 = Release|Any CPU
	EndGlobalSection
	GlobalSection(SolutionProperties) = preSolution
		HideSolutionNode = FALSE
	EndGlobalSection
	GlobalSection(ExtensibilityGlobals) = postSolution
		SolutionGuid = {2DD9174B-50ED-4A9A-8A29-5306D772468F}
	EndGlobalSection
EndGlobal
